
Microsoft Visual Studio Solution File, Format Version 12.00
# Visual Studio Version 17
VisualStudioVersion = 17.4.33213.308
MinimumVisualStudioVersion = 10.0.40219.1
Project("{FAE04EC0-301F-11D3-BF4B-00C04F79EFBC}") = "AlgorithmComplexityTheory", "AlgorithmComplexityTheory.csproj", "{DD4870D9-83DE-4691-9B56-0D536F60D4B5}"
EndProject
Global
	GlobalSection(SolutionConfigurationPlatforms) = preSolution
		Debug|Any CPU = Debug|Any CPU
		Release|Any CPU = Release|Any CPU
	EndGlobalSection
	GlobalSection(ProjectConfigurationPlatforms) = postSolution
		{DD4870D9-83DE-4691-9B56-0D536F60D4B5}.Debug|Any CPU.ActiveCfg = Debug|Any CPU
		{DD4870D9-83DE-4691-9B56-0D536F60D4B5}.Debug|Any CPU.Build.0 = Debug|Any CPU
		{DD4870D9-83DE-4691-9B56-0D536F60D4B5}.Release|Any CPU.ActiveCfg = Release|Any CPU
		{DD4870D9-83DE-4691-9B56-0D536F60D4B5}.Release|Any CPU.Build.0 = Release|Any CPU
	EndGlobalSection
	GlobalSection(SolutionProperties) = preSolution
		HideSolutionNode = FALSE
	EndGlobalSection
	GlobalSection(ExtensibilityGlobals) = postSolution
		SolutionGuid = {ECDA97E4-0188-4BFE-9673-1348F0D2E8D6}
	EndGlobalSection
EndGlobal
