
Microsoft Visual Studio Solution File, Format Version 12.00
# Visual Studio Version 17
VisualStudioVersion = 17.5.33627.172
MinimumVisualStudioVersion = 10.0.40219.1
Project("{FAE04EC0-301F-11D3-BF4B-00C04F79EFBC}") = "SixthLaboratoryWork", "SixthLaboratoryWork.csproj", "{A9B871D5-79FC-4266-A212-C6F2869C1B5D}"
EndProject
Global
	GlobalSection(SolutionConfigurationPlatforms) = preSolution
		Debug|Any CPU = Debug|Any CPU
		Release|Any CPU = Release|Any CPU
	EndGlobalSection
	GlobalSection(ProjectConfigurationPlatforms) = postSolution
		{A9B871D5-79FC-4266-A212-C6F2869C1B5D}.Debug|Any CPU.ActiveCfg = Debug|Any CPU
		{A9B871D5-79FC-4266-A212-C6F2869C1B5D}.Debug|Any CPU.Build.0 = Debug|Any CPU
		{A9B871D5-79FC-4266-A212-C6F2869C1B5D}.Release|Any CPU.ActiveCfg = Release|Any CPU
		{A9B871D5-79FC-4266-A212-C6F2869C1B5D}.Release|Any CPU.Build.0 = Release|Any CPU
	EndGlobalSection
	GlobalSection(SolutionProperties) = preSolution
		HideSolutionNode = FALSE
	EndGlobalSection
	GlobalSection(ExtensibilityGlobals) = postSolution
		SolutionGuid = {B5528F5B-1F48-4FDF-8830-B1DABE2564DC}
	EndGlobalSection
EndGlobal
